
Microsoft Visual Studio Solution File, Format Version 12.00
# Visual Studio Version 16
VisualStudioVersion = 16.0.31911.196
MinimumVisualStudioVersion = 10.0.40219.1
Project("{FAE04EC0-301F-11D3-BF4B-00C04F79EFBC}") = "AngularJSCRUD", "AngularJSCRUD\AngularJSCRUD.csproj", "{BF377AAA-5FE4-4238-B9FE-9AA54F8917C6}"
EndProject
Project("{9A19103F-16F7-4668-BE54-9A1E7A4F7556}") = "myApi", "myapi\myApi\myApi\myApi.csproj", "{3225A561-A40A-4A5F-A40A-6D6CA795B564}"
EndProject
Global
	GlobalSection(SolutionConfigurationPlatforms) = preSolution
		Debug|Any CPU = Debug|Any CPU
		Release|Any CPU = Release|Any CPU
	EndGlobalSection
	GlobalSection(ProjectConfigurationPlatforms) = postSolution
		{BF377AAA-5FE4-4238-B9FE-9AA54F8917C6}.Debug|Any CPU.ActiveCfg = Debug|Any CPU
		{BF377AAA-5FE4-4238-B9FE-9AA54F8917C6}.Debug|Any CPU.Build.0 = Debug|Any CPU
		{BF377AAA-5FE4-4238-B9FE-9AA54F8917C6}.Release|Any CPU.ActiveCfg = Release|Any CPU
		{BF377AAA-5FE4-4238-B9FE-9AA54F8917C6}.Release|Any CPU.Build.0 = Release|Any CPU
		{3225A561-A40A-4A5F-A40A-6D6CA795B564}.Debug|Any CPU.ActiveCfg = Debug|Any CPU
		{3225A561-A40A-4A5F-A40A-6D6CA795B564}.Debug|Any CPU.Build.0 = Debug|Any CPU
		{3225A561-A40A-4A5F-A40A-6D6CA795B564}.Release|Any CPU.ActiveCfg = Release|Any CPU
		{3225A561-A40A-4A5F-A40A-6D6CA795B564}.Release|Any CPU.Build.0 = Release|Any CPU
	EndGlobalSection
	GlobalSection(SolutionProperties) = preSolution
		HideSolutionNode = FALSE
	EndGlobalSection
	GlobalSection(ExtensibilityGlobals) = postSolution
		SolutionGuid = {656CA213-298B-4768-B785-1EA80DA51A80}
	EndGlobalSection
EndGlobal
